
Microsoft Visual Studio Solution File, Format Version 12.00
Project("{FAE04EC0-301F-11D3-BF4B-00C04F79EFBC}") = "Core", "Core\Core.csproj", "{DC6C550E-4A26-443F-8287-797379B73B52}"
EndProject
Project("{FAE04EC0-301F-11D3-BF4B-00C04F79EFBC}") = "Client", "Client\Client.csproj", "{9CD1A85C-F023-427C-9ED1-067D2476A6BE}"
EndProject
Project("{FAE04EC0-301F-11D3-BF4B-00C04F79EFBC}") = "Server", "Server\Server.csproj", "{84E13B60-25B2-4E7F-A40A-85750D36ADEF}"
EndProject
Global
	GlobalSection(SolutionConfigurationPlatforms) = preSolution
		Debug|Any CPU = Debug|Any CPU
		Release|Any CPU = Release|Any CPU
	EndGlobalSection
	GlobalSection(ProjectConfigurationPlatforms) = postSolution
		{DC6C550E-4A26-443F-8287-797379B73B52}.Debug|Any CPU.ActiveCfg = Debug|Any CPU
		{DC6C550E-4A26-443F-8287-797379B73B52}.Debug|Any CPU.Build.0 = Debug|Any CPU
		{DC6C550E-4A26-443F-8287-797379B73B52}.Release|Any CPU.ActiveCfg = Release|Any CPU
		{DC6C550E-4A26-443F-8287-797379B73B52}.Release|Any CPU.Build.0 = Release|Any CPU
		{9CD1A85C-F023-427C-9ED1-067D2476A6BE}.Debug|Any CPU.ActiveCfg = Debug|Any CPU
		{9CD1A85C-F023-427C-9ED1-067D2476A6BE}.Debug|Any CPU.Build.0 = Debug|Any CPU
		{9CD1A85C-F023-427C-9ED1-067D2476A6BE}.Release|Any CPU.ActiveCfg = Release|Any CPU
		{9CD1A85C-F023-427C-9ED1-067D2476A6BE}.Release|Any CPU.Build.0 = Release|Any CPU
		{84E13B60-25B2-4E7F-A40A-85750D36ADEF}.Debug|Any CPU.ActiveCfg = Debug|Any CPU
		{84E13B60-25B2-4E7F-A40A-85750D36ADEF}.Debug|Any CPU.Build.0 = Debug|Any CPU
		{84E13B60-25B2-4E7F-A40A-85750D36ADEF}.Release|Any CPU.ActiveCfg = Release|Any CPU
		{84E13B60-25B2-4E7F-A40A-85750D36ADEF}.Release|Any CPU.Build.0 = Release|Any CPU
	EndGlobalSection
EndGlobal
