
Microsoft Visual Studio Solution File, Format Version 12.00
Project("{FAE04EC0-301F-11D3-BF4B-00C04F79EFBC}") = "DungeonGame", "DungeonGame\DungeonGame.csproj", "{204ECFE6-40C0-4167-AC6F-22AE4C059A6C}"
EndProject
Global
	GlobalSection(SolutionConfigurationPlatforms) = preSolution
		Debug|Any CPU = Debug|Any CPU
		Release|Any CPU = Release|Any CPU
	EndGlobalSection
	GlobalSection(ProjectConfigurationPlatforms) = postSolution
		{204ECFE6-40C0-4167-AC6F-22AE4C059A6C}.Debug|Any CPU.ActiveCfg = Debug|Any CPU
		{204ECFE6-40C0-4167-AC6F-22AE4C059A6C}.Debug|Any CPU.Build.0 = Debug|Any CPU
		{204ECFE6-40C0-4167-AC6F-22AE4C059A6C}.Release|Any CPU.ActiveCfg = Release|Any CPU
		{204ECFE6-40C0-4167-AC6F-22AE4C059A6C}.Release|Any CPU.Build.0 = Release|Any CPU
	EndGlobalSection
EndGlobal
